
Microsoft Visual Studio Solution File, Format Version 12.00
# Visual Studio Version 17
VisualStudioVersion = 17.9.34622.214
MinimumVisualStudioVersion = 10.0.40219.1
Project("{9A19103F-16F7-4668-BE54-9A1E7A4F7556}") = "Task-Homework", "Task-Homework\Task-Homework.csproj", "{F3C1A0A0-7981-4C48-BFD6-2BF7E16D8D06}"
EndProject
Global
	GlobalSection(SolutionConfigurationPlatforms) = preSolution
		Debug|Any CPU = Debug|Any CPU
		Release|Any CPU = Release|Any CPU
	EndGlobalSection
	GlobalSection(ProjectConfigurationPlatforms) = postSolution
		{F3C1A0A0-7981-4C48-BFD6-2BF7E16D8D06}.Debug|Any CPU.ActiveCfg = Debug|Any CPU
		{F3C1A0A0-7981-4C48-BFD6-2BF7E16D8D06}.Debug|Any CPU.Build.0 = Debug|Any CPU
		{F3C1A0A0-7981-4C48-BFD6-2BF7E16D8D06}.Release|Any CPU.ActiveCfg = Release|Any CPU
		{F3C1A0A0-7981-4C48-BFD6-2BF7E16D8D06}.Release|Any CPU.Build.0 = Release|Any CPU
	EndGlobalSection
	GlobalSection(SolutionProperties) = preSolution
		HideSolutionNode = FALSE
	EndGlobalSection
	GlobalSection(ExtensibilityGlobals) = postSolution
		SolutionGuid = {8EA7FBAB-427C-443B-A2B8-989B63700898}
	EndGlobalSection
EndGlobal
